
Microsoft Visual Studio Solution File, Format Version 12.00
# Visual Studio 15
VisualStudioVersion = 15.0.28307.1000
MinimumVisualStudioVersion = 10.0.40219.1
Project("{FAE04EC0-301F-11D3-BF4B-00C04F79EFBC}") = "ChessEnginePlayground", "ChessEnginePlayground\ChessEnginePlayground.csproj", "{898B36D8-1B40-49A1-BA64-1CEB04C2214D}"
EndProject
Project("{FAE04EC0-301F-11D3-BF4B-00C04F79EFBC}") = "ChessEngine", "ChessEngine\ChessEngine.csproj", "{850C9862-4B88-46CA-A718-81CC9E91B142}"
EndProject
Global
	GlobalSection(SolutionConfigurationPlatforms) = preSolution
		Debug|Any CPU = Debug|Any CPU
		Release|Any CPU = Release|Any CPU
	EndGlobalSection
	GlobalSection(ProjectConfigurationPlatforms) = postSolution
		{898B36D8-1B40-49A1-BA64-1CEB04C2214D}.Debug|Any CPU.ActiveCfg = Debug|Any CPU
		{898B36D8-1B40-49A1-BA64-1CEB04C2214D}.Debug|Any CPU.Build.0 = Debug|Any CPU
		{898B36D8-1B40-49A1-BA64-1CEB04C2214D}.Release|Any CPU.ActiveCfg = Release|Any CPU
		{898B36D8-1B40-49A1-BA64-1CEB04C2214D}.Release|Any CPU.Build.0 = Release|Any CPU
		{850C9862-4B88-46CA-A718-81CC9E91B142}.Debug|Any CPU.ActiveCfg = Debug|Any CPU
		{850C9862-4B88-46CA-A718-81CC9E91B142}.Debug|Any CPU.Build.0 = Debug|Any CPU
		{850C9862-4B88-46CA-A718-81CC9E91B142}.Release|Any CPU.ActiveCfg = Release|Any CPU
		{850C9862-4B88-46CA-A718-81CC9E91B142}.Release|Any CPU.Build.0 = Release|Any CPU
	EndGlobalSection
	GlobalSection(SolutionProperties) = preSolution
		HideSolutionNode = FALSE
	EndGlobalSection
	GlobalSection(ExtensibilityGlobals) = postSolution
		SolutionGuid = {9CAE4796-DF46-4C7D-BC69-5ABD5577367D}
	EndGlobalSection
EndGlobal
